
Microsoft Visual Studio Solution File, Format Version 12.00
# Visual Studio 15
VisualStudioVersion = 15.0.27428.2015
MinimumVisualStudioVersion = 10.0.40219.1
Project("{FAE04EC0-301F-11D3-BF4B-00C04F79EFBC}") = "ExercisesPage22CS", "ExercisesPage22CS\ExercisesPage22CS.csproj", "{BFDD8C77-A4A4-419D-9906-568903A1214A}"
EndProject
Project("{FAE04EC0-301F-11D3-BF4B-00C04F79EFBC}") = "ExercisesPage20CS", "ExercisesPage20CS\ExercisesPage20CS.csproj", "{AF994391-3306-4A8F-81E9-23A8454ED532}"
EndProject
Project("{FAE04EC0-301F-11D3-BF4B-00C04F79EFBC}") = "ExercisesPage24CS", "ExercisesPage24CS\ExercisesPage24CS.csproj", "{F0BB3323-ABEA-4BB2-8BD0-C71B0B8A6B05}"
EndProject
Project("{FAE04EC0-301F-11D3-BF4B-00C04F79EFBC}") = "ExercisesPage26CS", "ExercisesPage28CS\ExercisesPage26CS.csproj", "{7128ADB0-0F4E-4AFE-9501-1B2A030734DE}"
EndProject
Project("{FAE04EC0-301F-11D3-BF4B-00C04F79EFBC}") = "ExercisesPage28CSharp", "ExercisesPage28C.S\ExercisesPage28CSharp.csproj", "{09282C98-F398-4736-B3DD-5D9A268304CC}"
EndProject
Project("{FAE04EC0-301F-11D3-BF4B-00C04F79EFBC}") = "ExercisesPage30CS", "ExercisesPage30CS\ExercisesPage30CS.csproj", "{68535ED1-96F2-4F06-85B9-E2B71013CF1B}"
EndProject
Project("{FAE04EC0-301F-11D3-BF4B-00C04F79EFBC}") = "ExcersisesPage32CS", "ExcersisesPage32CS\ExcersisesPage32CS.csproj", "{3C16C0FB-B8DE-4106-B8C6-5AE4E4DD914D}"
EndProject
Project("{FAE04EC0-301F-11D3-BF4B-00C04F79EFBC}") = "ExercisesPage34CS", "ExercisesPage34CS\ExercisesPage34CS.csproj", "{FB46C4D9-D5CF-423A-9CE3-27D49F15998B}"
EndProject
Project("{FAE04EC0-301F-11D3-BF4B-00C04F79EFBC}") = "ExercisesPage35CSMethods", "ExercisesPage36CSMethods\ExercisesPage35CSMethods.csproj", "{D2387CBC-06BE-4570-8156-06049380CE54}"
EndProject
Project("{FAE04EC0-301F-11D3-BF4B-00C04F79EFBC}") = "ExercisesPage37CSMoreOnMethods", "ExercisesPage37CSMoreOnMethods\ExercisesPage37CSMoreOnMethods.csproj", "{1076CDC1-D94B-437C-B012-D3E7A1F817E0}"
EndProject
Global
	GlobalSection(SolutionConfigurationPlatforms) = preSolution
		Debug|Any CPU = Debug|Any CPU
		Release|Any CPU = Release|Any CPU
	EndGlobalSection
	GlobalSection(ProjectConfigurationPlatforms) = postSolution
		{BFDD8C77-A4A4-419D-9906-568903A1214A}.Debug|Any CPU.ActiveCfg = Debug|Any CPU
		{BFDD8C77-A4A4-419D-9906-568903A1214A}.Debug|Any CPU.Build.0 = Debug|Any CPU
		{BFDD8C77-A4A4-419D-9906-568903A1214A}.Release|Any CPU.ActiveCfg = Release|Any CPU
		{BFDD8C77-A4A4-419D-9906-568903A1214A}.Release|Any CPU.Build.0 = Release|Any CPU
		{AF994391-3306-4A8F-81E9-23A8454ED532}.Debug|Any CPU.ActiveCfg = Debug|Any CPU
		{AF994391-3306-4A8F-81E9-23A8454ED532}.Debug|Any CPU.Build.0 = Debug|Any CPU
		{AF994391-3306-4A8F-81E9-23A8454ED532}.Release|Any CPU.ActiveCfg = Release|Any CPU
		{AF994391-3306-4A8F-81E9-23A8454ED532}.Release|Any CPU.Build.0 = Release|Any CPU
		{F0BB3323-ABEA-4BB2-8BD0-C71B0B8A6B05}.Debug|Any CPU.ActiveCfg = Debug|Any CPU
		{F0BB3323-ABEA-4BB2-8BD0-C71B0B8A6B05}.Debug|Any CPU.Build.0 = Debug|Any CPU
		{F0BB3323-ABEA-4BB2-8BD0-C71B0B8A6B05}.Release|Any CPU.ActiveCfg = Release|Any CPU
		{F0BB3323-ABEA-4BB2-8BD0-C71B0B8A6B05}.Release|Any CPU.Build.0 = Release|Any CPU
		{7128ADB0-0F4E-4AFE-9501-1B2A030734DE}.Debug|Any CPU.ActiveCfg = Debug|Any CPU
		{7128ADB0-0F4E-4AFE-9501-1B2A030734DE}.Debug|Any CPU.Build.0 = Debug|Any CPU
		{7128ADB0-0F4E-4AFE-9501-1B2A030734DE}.Release|Any CPU.ActiveCfg = Release|Any CPU
		{7128ADB0-0F4E-4AFE-9501-1B2A030734DE}.Release|Any CPU.Build.0 = Release|Any CPU
		{09282C98-F398-4736-B3DD-5D9A268304CC}.Debug|Any CPU.ActiveCfg = Debug|Any CPU
		{09282C98-F398-4736-B3DD-5D9A268304CC}.Debug|Any CPU.Build.0 = Debug|Any CPU
		{09282C98-F398-4736-B3DD-5D9A268304CC}.Release|Any CPU.ActiveCfg = Release|Any CPU
		{09282C98-F398-4736-B3DD-5D9A268304CC}.Release|Any CPU.Build.0 = Release|Any CPU
		{68535ED1-96F2-4F06-85B9-E2B71013CF1B}.Debug|Any CPU.ActiveCfg = Debug|Any CPU
		{68535ED1-96F2-4F06-85B9-E2B71013CF1B}.Debug|Any CPU.Build.0 = Debug|Any CPU
		{68535ED1-96F2-4F06-85B9-E2B71013CF1B}.Release|Any CPU.ActiveCfg = Release|Any CPU
		{68535ED1-96F2-4F06-85B9-E2B71013CF1B}.Release|Any CPU.Build.0 = Release|Any CPU
		{3C16C0FB-B8DE-4106-B8C6-5AE4E4DD914D}.Debug|Any CPU.ActiveCfg = Debug|Any CPU
		{3C16C0FB-B8DE-4106-B8C6-5AE4E4DD914D}.Debug|Any CPU.Build.0 = Debug|Any CPU
		{3C16C0FB-B8DE-4106-B8C6-5AE4E4DD914D}.Release|Any CPU.ActiveCfg = Release|Any CPU
		{3C16C0FB-B8DE-4106-B8C6-5AE4E4DD914D}.Release|Any CPU.Build.0 = Release|Any CPU
		{FB46C4D9-D5CF-423A-9CE3-27D49F15998B}.Debug|Any CPU.ActiveCfg = Debug|Any CPU
		{FB46C4D9-D5CF-423A-9CE3-27D49F15998B}.Debug|Any CPU.Build.0 = Debug|Any CPU
		{FB46C4D9-D5CF-423A-9CE3-27D49F15998B}.Release|Any CPU.ActiveCfg = Release|Any CPU
		{FB46C4D9-D5CF-423A-9CE3-27D49F15998B}.Release|Any CPU.Build.0 = Release|Any CPU
		{D2387CBC-06BE-4570-8156-06049380CE54}.Debug|Any CPU.ActiveCfg = Debug|Any CPU
		{D2387CBC-06BE-4570-8156-06049380CE54}.Debug|Any CPU.Build.0 = Debug|Any CPU
		{D2387CBC-06BE-4570-8156-06049380CE54}.Release|Any CPU.ActiveCfg = Release|Any CPU
		{D2387CBC-06BE-4570-8156-06049380CE54}.Release|Any CPU.Build.0 = Release|Any CPU
		{1076CDC1-D94B-437C-B012-D3E7A1F817E0}.Debug|Any CPU.ActiveCfg = Debug|Any CPU
		{1076CDC1-D94B-437C-B012-D3E7A1F817E0}.Debug|Any CPU.Build.0 = Debug|Any CPU
		{1076CDC1-D94B-437C-B012-D3E7A1F817E0}.Release|Any CPU.ActiveCfg = Release|Any CPU
		{1076CDC1-D94B-437C-B012-D3E7A1F817E0}.Release|Any CPU.Build.0 = Release|Any CPU
	EndGlobalSection
	GlobalSection(SolutionProperties) = preSolution
		HideSolutionNode = FALSE
	EndGlobalSection
	GlobalSection(ExtensibilityGlobals) = postSolution
		SolutionGuid = {E47EF8AA-31E2-4182-96F7-F45BC9B3C45C}
	EndGlobalSection
EndGlobal
