
Microsoft Visual Studio Solution File, Format Version 12.00
# Visual Studio 15
VisualStudioVersion = 15.0.27428.2015
MinimumVisualStudioVersion = 10.0.40219.1
Project("{FAE04EC0-301F-11D3-BF4B-00C04F79EFBC}") = "ExercisesPage22CS", "ExercisesPage22CS\ExercisesPage22CS.csproj", "{BFDD8C77-A4A4-419D-9906-568903A1214A}"
EndProject
Project("{FAE04EC0-301F-11D3-BF4B-00C04F79EFBC}") = "ExercisesPage20CS", "ExercisesPage20CS\ExercisesPage20CS.csproj", "{AF994391-3306-4A8F-81E9-23A8454ED532}"
EndProject
Project("{FAE04EC0-301F-11D3-BF4B-00C04F79EFBC}") = "ExercisesPage24CS", "ExercisesPage24CS\ExercisesPage24CS.csproj", "{F0BB3323-ABEA-4BB2-8BD0-C71B0B8A6B05}"
EndProject
Global
	GlobalSection(SolutionConfigurationPlatforms) = preSolution
		Debug|Any CPU = Debug|Any CPU
		Release|Any CPU = Release|Any CPU
	EndGlobalSection
	GlobalSection(ProjectConfigurationPlatforms) = postSolution
		{BFDD8C77-A4A4-419D-9906-568903A1214A}.Debug|Any CPU.ActiveCfg = Debug|Any CPU
		{BFDD8C77-A4A4-419D-9906-568903A1214A}.Debug|Any CPU.Build.0 = Debug|Any CPU
		{BFDD8C77-A4A4-419D-9906-568903A1214A}.Release|Any CPU.ActiveCfg = Release|Any CPU
		{BFDD8C77-A4A4-419D-9906-568903A1214A}.Release|Any CPU.Build.0 = Release|Any CPU
		{AF994391-3306-4A8F-81E9-23A8454ED532}.Debug|Any CPU.ActiveCfg = Debug|Any CPU
		{AF994391-3306-4A8F-81E9-23A8454ED532}.Debug|Any CPU.Build.0 = Debug|Any CPU
		{AF994391-3306-4A8F-81E9-23A8454ED532}.Release|Any CPU.ActiveCfg = Release|Any CPU
		{AF994391-3306-4A8F-81E9-23A8454ED532}.Release|Any CPU.Build.0 = Release|Any CPU
		{F0BB3323-ABEA-4BB2-8BD0-C71B0B8A6B05}.Debug|Any CPU.ActiveCfg = Debug|Any CPU
		{F0BB3323-ABEA-4BB2-8BD0-C71B0B8A6B05}.Debug|Any CPU.Build.0 = Debug|Any CPU
		{F0BB3323-ABEA-4BB2-8BD0-C71B0B8A6B05}.Release|Any CPU.ActiveCfg = Release|Any CPU
		{F0BB3323-ABEA-4BB2-8BD0-C71B0B8A6B05}.Release|Any CPU.Build.0 = Release|Any CPU
	EndGlobalSection
	GlobalSection(SolutionProperties) = preSolution
		HideSolutionNode = FALSE
	EndGlobalSection
	GlobalSection(ExtensibilityGlobals) = postSolution
		SolutionGuid = {E47EF8AA-31E2-4182-96F7-F45BC9B3C45C}
	EndGlobalSection
EndGlobal
