
Microsoft Visual Studio Solution File, Format Version 12.00
# Visual Studio 15
VisualStudioVersion = 15.0.27428.2015
MinimumVisualStudioVersion = 10.0.40219.1
Project("{FAE04EC0-301F-11D3-BF4B-00C04F79EFBC}") = "ExercisePage20CSharp", "ExercisePage20CSharp\ExercisePage20CSharp.csproj", "{AF994391-3306-4A8F-81E9-23A8454ED532}"
EndProject
Global
	GlobalSection(SolutionConfigurationPlatforms) = preSolution
		Debug|Any CPU = Debug|Any CPU
		Release|Any CPU = Release|Any CPU
	EndGlobalSection
	GlobalSection(ProjectConfigurationPlatforms) = postSolution
		{AF994391-3306-4A8F-81E9-23A8454ED532}.Debug|Any CPU.ActiveCfg = Debug|Any CPU
		{AF994391-3306-4A8F-81E9-23A8454ED532}.Debug|Any CPU.Build.0 = Debug|Any CPU
		{AF994391-3306-4A8F-81E9-23A8454ED532}.Release|Any CPU.ActiveCfg = Release|Any CPU
		{AF994391-3306-4A8F-81E9-23A8454ED532}.Release|Any CPU.Build.0 = Release|Any CPU
	EndGlobalSection
	GlobalSection(SolutionProperties) = preSolution
		HideSolutionNode = FALSE
	EndGlobalSection
	GlobalSection(ExtensibilityGlobals) = postSolution
		SolutionGuid = {E47EF8AA-31E2-4182-96F7-F45BC9B3C45C}
	EndGlobalSection
EndGlobal
